// !$*UTF8*$!
{
	archiveVersion = 1;
	classes = {
	};
	objectVersion = 48;
	objects = {

/* Begin PBXBuildFile section */
		A336B65927F8EFA700046D77 /* AppDelegate.swift in Sources */ = {isa = PBXBuildFile; fileRef = A336B65827F8EFA700046D77 /* AppDelegate.swift */; };
		A336B65B27F8EFA700046D77 /* SceneDelegate.swift in Sources */ = {isa = PBXBuildFile; fileRef = A336B65A27F8EFA700046D77 /* SceneDelegate.swift */; };
		A336B65D27F8EFA700046D77 /* ViewController.swift in Sources */ = {isa = PBXBuildFile; fileRef = A336B65C27F8EFA700046D77 /* ViewController.swift */; };
		A336B66027F8EFA700046D77 /* Main.storyboard in Resources */ = {isa = PBXBuildFile; fileRef = A336B65E27F8EFA700046D77 /* Main.storyboard */; };
		A336B66227F8EFA900046D77 /* Assets.xcassets in Resources */ = {isa = PBXBuildFile; fileRef = A336B66127F8EFA900046D77 /* Assets.xcassets */; };
		A336B66527F8EFA900046D77 /* LaunchScreen.storyboard in Resources */ = {isa = PBXBuildFile; fileRef = A336B66327F8EFA900046D77 /* LaunchScreen.storyboard */; };
		A337C32227F8E1B5007CC233 /* image.png in Resources */ = {isa = PBXBuildFile; fileRef = A337C32127F8E1B5007CC233 /* image.png */; };
		A3F29BFB27F8F44100F50828 /* VisionObjectRecognitionViewController.swift in Sources */ = {isa = PBXBuildFile; fileRef = FAB417F52099308400494E9C /* VisionObjectRecognitionViewController.swift */; };
		FAB417F62099308400494E9C /* VisionObjectRecognitionViewController.swift in Sources */ = {isa = PBXBuildFile; fileRef = FAB417F52099308400494E9C /* VisionObjectRecognitionViewController.swift */; };
		FAD5009F1ED668B60074D713 /* AppDelegate.swift in Sources */ = {isa = PBXBuildFile; fileRef = FAD5009E1ED668B60074D713 /* AppDelegate.swift */; };
		FAD500A11ED668B60074D713 /* ViewController.swift in Sources */ = {isa = PBXBuildFile; fileRef = FAD500A01ED668B60074D713 /* ViewController.swift */; };
		FAD500A41ED668B60074D713 /* Main.storyboard in Resources */ = {isa = PBXBuildFile; fileRef = FAD500A21ED668B60074D713 /* Main.storyboard */; };
		FAD500A61ED668B60074D713 /* Assets.xcassets in Resources */ = {isa = PBXBuildFile; fileRef = FAD500A51ED668B60074D713 /* Assets.xcassets */; };
		FAD500A91ED668B60074D713 /* LaunchScreen.storyboard in Resources */ = {isa = PBXBuildFile; fileRef = FAD500A71ED668B60074D713 /* LaunchScreen.storyboard */; };
/* End PBXBuildFile section */

/* Begin PBXFileReference section */
		A336B65627F8EFA700046D77 /* RangeLImageClassifier.app */ = {isa = PBXFileReference; explicitFileType = wrapper.application; includeInIndex = 0; path = RangeLImageClassifier.app; sourceTree = BUILT_PRODUCTS_DIR; };
		A336B65827F8EFA700046D77 /* AppDelegate.swift */ = {isa = PBXFileReference; lastKnownFileType = sourcecode.swift; path = AppDelegate.swift; sourceTree = "<group>"; };
		A336B65A27F8EFA700046D77 /* SceneDelegate.swift */ = {isa = PBXFileReference; lastKnownFileType = sourcecode.swift; path = SceneDelegate.swift; sourceTree = "<group>"; };
		A336B65C27F8EFA700046D77 /* ViewController.swift */ = {isa = PBXFileReference; lastKnownFileType = sourcecode.swift; path = ViewController.swift; sourceTree = "<group>"; };
		A336B65F27F8EFA700046D77 /* Base */ = {isa = PBXFileReference; lastKnownFileType = file.storyboard; name = Base; path = Base.lproj/Main.storyboard; sourceTree = "<group>"; };
		A336B66127F8EFA900046D77 /* Assets.xcassets */ = {isa = PBXFileReference; lastKnownFileType = folder.assetcatalog; path = Assets.xcassets; sourceTree = "<group>"; };
		A336B66427F8EFA900046D77 /* Base */ = {isa = PBXFileReference; lastKnownFileType = file.storyboard; name = Base; path = Base.lproj/LaunchScreen.storyboard; sourceTree = "<group>"; };
		A336B66627F8EFA900046D77 /* Info.plist */ = {isa = PBXFileReference; lastKnownFileType = text.plist.xml; path = Info.plist; sourceTree = "<group>"; };
		A337C32127F8E1B5007CC233 /* image.png */ = {isa = PBXFileReference; lastKnownFileType = image.png; name = image.png; path = /Users/mruchus/Desktop/RecognizingObjectsInLiveCapture/image.png; sourceTree = "<absolute>"; };
		A3F29BFA27F8F3E700F50828 /* YOLOv3FP16.mlkitmodel */ = {isa = PBXFileReference; lastKnownFileType = file.mlmodel; path = YOLOv3FP16.mlkitmodel; sourceTree = SOURCE_ROOT; };
		FAB417F52099308400494E9C /* VisionObjectRecognitionViewController.swift */ = {isa = PBXFileReference; fileEncoding = 4; lastKnownFileType = sourcecode.swift; name = VisionObjectRecognitionViewController.swift; path = /Users/mruchus/Desktop/RecognizingObjectsInLiveCapture/ImageClassifier/VisionObjectRecognitionViewController.swift; sourceTree = "<absolute>"; };
		FAD5009B1ED668B60074D713 /* Image Classifier.app */ = {isa = PBXFileReference; explicitFileType = wrapper.application; includeInIndex = 0; path = "Image Classifier.app"; sourceTree = BUILT_PRODUCTS_DIR; };
		FAD5009E1ED668B60074D713 /* AppDelegate.swift */ = {isa = PBXFileReference; lastKnownFileType = sourcecode.swift; path = AppDelegate.swift; sourceTree = "<group>"; };
		FAD500A01ED668B60074D713 /* ViewController.swift */ = {isa = PBXFileReference; lastKnownFileType = sourcecode.swift; path = ViewController.swift; sourceTree = "<group>"; };
		FAD500A31ED668B60074D713 /* Base */ = {isa = PBXFileReference; lastKnownFileType = file.storyboard; name = Base; path = Base.lproj/Main.storyboard; sourceTree = "<group>"; };
		FAD500A51ED668B60074D713 /* Assets.xcassets */ = {isa = PBXFileReference; lastKnownFileType = folder.assetcatalog; path = Assets.xcassets; sourceTree = "<group>"; };
		FAD500A81ED668B60074D713 /* Base */ = {isa = PBXFileReference; lastKnownFileType = file.storyboard; name = Base; path = Base.lproj/LaunchScreen.storyboard; sourceTree = "<group>"; };
		FAD500AA1ED668B60074D713 /* Info.plist */ = {isa = PBXFileReference; lastKnownFileType = text.plist.xml; name = Info.plist; path = /Users/mruchus/Desktop/RecognizingObjectsInLiveCapture/ImageClassifier/Info.plist; sourceTree = "<absolute>"; };
/* End PBXFileReference section */

/* Begin PBXFrameworksBuildPhase section */
		A336B65327F8EFA700046D77 /* Frameworks */ = {
			isa = PBXFrameworksBuildPhase;
			buildActionMask = 2147483647;
			files = (
			);
			runOnlyForDeploymentPostprocessing = 0;
		};
		FAD500981ED668B60074D713 /* Frameworks */ = {
			isa = PBXFrameworksBuildPhase;
			buildActionMask = 2147483647;
			files = (
			);
			runOnlyForDeploymentPostprocessing = 0;
		};
/* End PBXFrameworksBuildPhase section */

/* Begin PBXGroup section */
		A336B65727F8EFA700046D77 /* RangeLImageClassifier */ = {
			isa = PBXGroup;
			children = (
				A336B65827F8EFA700046D77 /* AppDelegate.swift */,
				A336B65A27F8EFA700046D77 /* SceneDelegate.swift */,
				A336B65C27F8EFA700046D77 /* ViewController.swift */,
				A336B65E27F8EFA700046D77 /* Main.storyboard */,
				A336B66127F8EFA900046D77 /* Assets.xcassets */,
				A336B66327F8EFA900046D77 /* LaunchScreen.storyboard */,
				A336B66627F8EFA900046D77 /* Info.plist */,
			);
			path = RangeLImageClassifier;
			sourceTree = "<group>";
		};
		FAD500921ED668B60074D713 = {
			isa = PBXGroup;
			children = (
				FAD5009D1ED668B60074D713 /* ImageClassifier */,
				A336B65727F8EFA700046D77 /* RangeLImageClassifier */,
				FAD5009C1ED668B60074D713 /* Products */,
			);
			sourceTree = "<group>";
		};
		FAD5009C1ED668B60074D713 /* Products */ = {
			isa = PBXGroup;
			children = (
				FAD5009B1ED668B60074D713 /* Image Classifier.app */,
				A336B65627F8EFA700046D77 /* RangeLImageClassifier.app */,
			);
			name = Products;
			sourceTree = "<group>";
		};
		FAD5009D1ED668B60074D713 /* ImageClassifier */ = {
			isa = PBXGroup;
			children = (
				FAD5009E1ED668B60074D713 /* AppDelegate.swift */,
				FAD500A01ED668B60074D713 /* ViewController.swift */,
				FAB417F52099308400494E9C /* VisionObjectRecognitionViewController.swift */,
				FAD500A21ED668B60074D713 /* Main.storyboard */,
				A3F29BFA27F8F3E700F50828 /* YOLOv3FP16.mlkitmodel */,
				FAD500A51ED668B60074D713 /* Assets.xcassets */,
				FAD500A71ED668B60074D713 /* LaunchScreen.storyboard */,
				A337C32127F8E1B5007CC233 /* image.png */,
				FAD500AA1ED668B60074D713 /* Info.plist */,
			);
			name = ImageClassifier;
			path = /Users/mruchus/Desktop/RecognizingObjectsInLiveCapture/ImageClassifier;
			sourceTree = "<absolute>";
		};
/* End PBXGroup section */

/* Begin PBXNativeTarget section */
		A336B65527F8EFA700046D77 /* RangeLImageClassifier */ = {
			isa = PBXNativeTarget;
			buildConfigurationList = A336B66727F8EFA900046D77 /* Build configuration list for PBXNativeTarget "RangeLImageClassifier" */;
			buildPhases = (
				A336B65227F8EFA700046D77 /* Sources */,
				A336B65327F8EFA700046D77 /* Frameworks */,
				A336B65427F8EFA700046D77 /* Resources */,
			);
			buildRules = (
			);
			dependencies = (
			);
			name = RangeLImageClassifier;
			productName = RangeLImageClassifier;
			productReference = A336B65627F8EFA700046D77 /* RangeLImageClassifier.app */;
			productType = "com.apple.product-type.application";
		};
		FAD5009A1ED668B60074D713 /* Image Classifier */ = {
			isa = PBXNativeTarget;
			buildConfigurationList = FAD500AD1ED668B60074D713 /* Build configuration list for PBXNativeTarget "Image Classifier" */;
			buildPhases = (
				FAD500971ED668B60074D713 /* Sources */,
				FAD500981ED668B60074D713 /* Frameworks */,
				FAD500991ED668B60074D713 /* Resources */,
			);
			buildRules = (
			);
			dependencies = (
			);
			name = "Image Classifier";
			productName = "VisionCamObjectRecognition-Swift";
			productReference = FAD5009B1ED668B60074D713 /* Image Classifier.app */;
			productType = "com.apple.product-type.application";
		};
/* End PBXNativeTarget section */

/* Begin PBXProject section */
		FAD500931ED668B60074D713 /* Project object */ = {
			isa = PBXProject;
			attributes = {
				LastSwiftUpdateCheck = 1330;
				LastUpgradeCheck = 1330;
				ORGANIZATIONNAME = Apple;
				TargetAttributes = {
					A336B65527F8EFA700046D77 = {
						CreatedOnToolsVersion = 13.3;
						ProvisioningStyle = Automatic;
					};
					FAD5009A1ED668B60074D713 = {
						CreatedOnToolsVersion = 9.0;
						LastSwiftMigration = 1140;
						ProvisioningStyle = Automatic;
					};
				};
			};
			buildConfigurationList = FAD500961ED668B60074D713 /* Build configuration list for PBXProject "Image Classifier" */;
			compatibilityVersion = "Xcode 8.0";
			developmentRegion = en;
			hasScannedForEncodings = 0;
			knownRegions = (
				en,
				Base,
			);
			mainGroup = FAD500921ED668B60074D713;
			productRefGroup = FAD5009C1ED668B60074D713 /* Products */;
			projectDirPath = "";
			projectRoot = "";
			targets = (
				FAD5009A1ED668B60074D713 /* Image Classifier */,
				A336B65527F8EFA700046D77 /* RangeLImageClassifier */,
			);
		};
/* End PBXProject section */

/* Begin PBXResourcesBuildPhase section */
		A336B65427F8EFA700046D77 /* Resources */ = {
			isa = PBXResourcesBuildPhase;
			buildActionMask = 2147483647;
			files = (
				A336B66527F8EFA900046D77 /* LaunchScreen.storyboard in Resources */,
				A336B66227F8EFA900046D77 /* Assets.xcassets in Resources */,
				A336B66027F8EFA700046D77 /* Main.storyboard in Resources */,
			);
			runOnlyForDeploymentPostprocessing = 0;
		};
		FAD500991ED668B60074D713 /* Resources */ = {
			isa = PBXResourcesBuildPhase;
			buildActionMask = 2147483647;
			files = (
				FAD500A91ED668B60074D713 /* LaunchScreen.storyboard in Resources */,
				FAD500A61ED668B60074D713 /* Assets.xcassets in Resources */,
				FAD500A41ED668B60074D713 /* Main.storyboard in Resources */,
				A337C32227F8E1B5007CC233 /* image.png in Resources */,
			);
			runOnlyForDeploymentPostprocessing = 0;
		};
/* End PBXResourcesBuildPhase section */

/* Begin PBXSourcesBuildPhase section */
		A336B65227F8EFA700046D77 /* Sources */ = {
			isa = PBXSourcesBuildPhase;
			buildActionMask = 2147483647;
			files = (
				A336B65D27F8EFA700046D77 /* ViewController.swift in Sources */,
				A3F29BFB27F8F44100F50828 /* VisionObjectRecognitionViewController.swift in Sources */,
				A336B65927F8EFA700046D77 /* AppDelegate.swift in Sources */,
				A336B65B27F8EFA700046D77 /* SceneDelegate.swift in Sources */,
			);
			runOnlyForDeploymentPostprocessing = 0;
		};
		FAD500971ED668B60074D713 /* Sources */ = {
			isa = PBXSourcesBuildPhase;
			buildActionMask = 2147483647;
			files = (
				FAB417F62099308400494E9C /* VisionObjectRecognitionViewController.swift in Sources */,
				FAD500A11ED668B60074D713 /* ViewController.swift in Sources */,
				FAD5009F1ED668B60074D713 /* AppDelegate.swift in Sources */,
			);
			runOnlyForDeploymentPostprocessing = 0;
		};
/* End PBXSourcesBuildPhase section */

/* Begin PBXVariantGroup section */
		A336B65E27F8EFA700046D77 /* Main.storyboard */ = {
			isa = PBXVariantGroup;
			children = (
				A336B65F27F8EFA700046D77 /* Base */,
			);
			name = Main.storyboard;
			sourceTree = "<group>";
		};
		A336B66327F8EFA900046D77 /* LaunchScreen.storyboard */ = {
			isa = PBXVariantGroup;
			children = (
				A336B66427F8EFA900046D77 /* Base */,
			);
			name = LaunchScreen.storyboard;
			sourceTree = "<group>";
		};
		FAD500A21ED668B60074D713 /* Main.storyboard */ = {
			isa = PBXVariantGroup;
			children = (
				FAD500A31ED668B60074D713 /* Base */,
			);
			name = Main.storyboard;
			path = /Users/mruchus/Desktop/RecognizingObjectsInLiveCapture/ImageClassifier;
			sourceTree = "<absolute>";
		};
		FAD500A71ED668B60074D713 /* LaunchScreen.storyboard */ = {
			isa = PBXVariantGroup;
			children = (
				FAD500A81ED668B60074D713 /* Base */,
			);
			name = LaunchScreen.storyboard;
			sourceTree = "<group>";
		};
/* End PBXVariantGroup section */

/* Begin XCBuildConfiguration section */
		A336B66827F8EFA900046D77 /* Debug */ = {
			isa = XCBuildConfiguration;
			buildSettings = {
				ASSETCATALOG_COMPILER_APPICON_NAME = AppIcon;
				ASSETCATALOG_COMPILER_GLOBAL_ACCENT_COLOR_NAME = AccentColor;
				CLANG_CXX_LANGUAGE_STANDARD = "gnu++17";
				CLANG_ENABLE_OBJC_WEAK = YES;
				CODE_SIGN_STYLE = Automatic;
				CURRENT_PROJECT_VERSION = 1;
				DEVELOPMENT_TEAM = 6T6NLHXYQT;
				GENERATE_INFOPLIST_FILE = YES;
				INFOPLIST_FILE = RangeLImageClassifier/Info.plist;
				INFOPLIST_KEY_UIApplicationSupportsIndirectInputEvents = YES;
				INFOPLIST_KEY_UILaunchStoryboardName = LaunchScreen;
				INFOPLIST_KEY_UIMainStoryboardFile = Main;
				INFOPLIST_KEY_UISupportedInterfaceOrientations_iPad = "UIInterfaceOrientationPortrait UIInterfaceOrientationPortraitUpsideDown UIInterfaceOrientationLandscapeLeft UIInterfaceOrientationLandscapeRight";
				INFOPLIST_KEY_UISupportedInterfaceOrientations_iPhone = "UIInterfaceOrientationPortrait UIInterfaceOrientationLandscapeLeft UIInterfaceOrientationLandscapeRight";
				IPHONEOS_DEPLOYMENT_TARGET = 15.4;
				LD_RUNPATH_SEARCH_PATHS = "$(inherited) @executable_path/Frameworks";
				MARKETING_VERSION = 1.0;
				MTL_ENABLE_DEBUG_INFO = INCLUDE_SOURCE;
				MTL_FAST_MATH = YES;
				PRODUCT_BUNDLE_IDENTIFIER = com.mruchus.RangeLImageClassifier;
				PRODUCT_NAME = "$(TARGET_NAME)";
				SWIFT_EMIT_LOC_STRINGS = YES;
				SWIFT_VERSION = 5.0;
				TARGETED_DEVICE_FAMILY = "1,2";
			};
			name = Debug;
		};
		A336B66927F8EFA900046D77 /* Release */ = {
			isa = XCBuildConfiguration;
			buildSettings = {
				ASSETCATALOG_COMPILER_APPICON_NAME = AppIcon;
				ASSETCATALOG_COMPILER_GLOBAL_ACCENT_COLOR_NAME = AccentColor;
				CLANG_CXX_LANGUAGE_STANDARD = "gnu++17";
				CLANG_ENABLE_OBJC_WEAK = YES;
				CODE_SIGN_STYLE = Automatic;
				CURRENT_PROJECT_VERSION = 1;
				DEVELOPMENT_TEAM = 6T6NLHXYQT;
				GENERATE_INFOPLIST_FILE = YES;
				INFOPLIST_FILE = RangeLImageClassifier/Info.plist;
				INFOPLIST_KEY_UIApplicationSupportsIndirectInputEvents = YES;
				INFOPLIST_KEY_UILaunchStoryboardName = LaunchScreen;
				INFOPLIST_KEY_UIMainStoryboardFile = Main;
				INFOPLIST_KEY_UISupportedInterfaceOrientations_iPad = "UIInterfaceOrientationPortrait UIInterfaceOrientationPortraitUpsideDown UIInterfaceOrientationLandscapeLeft UIInterfaceOrientationLandscapeRight";
				INFOPLIST_KEY_UISupportedInterfaceOrientations_iPhone = "UIInterfaceOrientationPortrait UIInterfaceOrientationLandscapeLeft UIInterfaceOrientationLandscapeRight";
				IPHONEOS_DEPLOYMENT_TARGET = 15.4;
				LD_RUNPATH_SEARCH_PATHS = "$(inherited) @executable_path/Frameworks";
				MARKETING_VERSION = 1.0;
				MTL_FAST_MATH = YES;
				PRODUCT_BUNDLE_IDENTIFIER = com.mruchus.RangeLImageClassifier;
				PRODUCT_NAME = "$(TARGET_NAME)";
				SWIFT_EMIT_LOC_STRINGS = YES;
				SWIFT_VERSION = 5.0;
				TARGETED_DEVICE_FAMILY = "1,2";
			};
			name = Release;
		};
		FAD500AB1ED668B60074D713 /* Debug */ = {
			isa = XCBuildConfiguration;
			buildSettings = {
				ALWAYS_SEARCH_USER_PATHS = NO;
				CLANG_ANALYZER_NONNULL = YES;
				CLANG_ANALYZER_NUMBER_OBJECT_CONVERSION = YES_AGGRESSIVE;
				CLANG_CXX_LANGUAGE_STANDARD = "gnu++14";
				CLANG_CXX_LIBRARY = "libc++";
				CLANG_ENABLE_MODULES = YES;
				CLANG_ENABLE_OBJC_ARC = YES;
				CLANG_WARN_BLOCK_CAPTURE_AUTORELEASING = YES;
				CLANG_WARN_BOOL_CONVERSION = YES;
				CLANG_WARN_COMMA = YES;
				CLANG_WARN_CONSTANT_CONVERSION = YES;
				CLANG_WARN_DEPRECATED_OBJC_IMPLEMENTATIONS = YES;
				CLANG_WARN_DIRECT_OBJC_ISA_USAGE = YES_ERROR;
				CLANG_WARN_DOCUMENTATION_COMMENTS = YES;
				CLANG_WARN_EMPTY_BODY = YES;
				CLANG_WARN_ENUM_CONVERSION = YES;
				CLANG_WARN_INFINITE_RECURSION = YES;
				CLANG_WARN_INT_CONVERSION = YES;
				CLANG_WARN_NON_LITERAL_NULL_CONVERSION = YES;
				CLANG_WARN_OBJC_IMPLICIT_RETAIN_SELF = YES;
				CLANG_WARN_OBJC_LITERAL_CONVERSION = YES;
				CLANG_WARN_OBJC_ROOT_CLASS = YES_ERROR;
				CLANG_WARN_QUOTED_INCLUDE_IN_FRAMEWORK_HEADER = YES;
				CLANG_WARN_RANGE_LOOP_ANALYSIS = YES;
				CLANG_WARN_STRICT_PROTOTYPES = YES;
				CLANG_WARN_SUSPICIOUS_MOVE = YES;
				CLANG_WARN_UNGUARDED_AVAILABILITY = YES_AGGRESSIVE;
				CLANG_WARN_UNREACHABLE_CODE = YES;
				CLANG_WARN__DUPLICATE_METHOD_MATCH = YES;
				CODE_SIGN_IDENTITY = "iPhone Developer";
				COPY_PHASE_STRIP = NO;
				COREML_CODEGEN_LANGUAGE = None;
				DEBUG_INFORMATION_FORMAT = dwarf;
				ENABLE_STRICT_OBJC_MSGSEND = YES;
				ENABLE_TESTABILITY = YES;
				GCC_C_LANGUAGE_STANDARD = gnu11;
				GCC_DYNAMIC_NO_PIC = NO;
				GCC_NO_COMMON_BLOCKS = YES;
				GCC_OPTIMIZATION_LEVEL = 0;
				GCC_PREPROCESSOR_DEFINITIONS = (
					"DEBUG=1",
					"$(inherited)",
				);
				GCC_WARN_64_TO_32_BIT_CONVERSION = YES;
				GCC_WARN_ABOUT_RETURN_TYPE = YES_ERROR;
				GCC_WARN_UNDECLARED_SELECTOR = YES;
				GCC_WARN_UNINITIALIZED_AUTOS = YES_AGGRESSIVE;
				GCC_WARN_UNUSED_FUNCTION = YES;
				GCC_WARN_UNUSED_VARIABLE = YES;
				IPHONEOS_DEPLOYMENT_TARGET = 12.0;
				MTL_ENABLE_DEBUG_INFO = YES;
				ONLY_ACTIVE_ARCH = YES;
				SDKROOT = iphoneos;
				SWIFT_ACTIVE_COMPILATION_CONDITIONS = DEBUG;
				SWIFT_OPTIMIZATION_LEVEL = "-Onone";
				SWIFT_VERSION = 4.2;
			};
			name = Debug;
		};
		FAD500AC1ED668B60074D713 /* Release */ = {
			isa = XCBuildConfiguration;
			buildSettings = {
				ALWAYS_SEARCH_USER_PATHS = NO;
				CLANG_ANALYZER_NONNULL = YES;
				CLANG_ANALYZER_NUMBER_OBJECT_CONVERSION = YES_AGGRESSIVE;
				CLANG_CXX_LANGUAGE_STANDARD = "gnu++14";
				CLANG_CXX_LIBRARY = "libc++";
				CLANG_ENABLE_MODULES = YES;
				CLANG_ENABLE_OBJC_ARC = YES;
				CLANG_WARN_BLOCK_CAPTURE_AUTORELEASING = YES;
				CLANG_WARN_BOOL_CONVERSION = YES;
				CLANG_WARN_COMMA = YES;
				CLANG_WARN_CONSTANT_CONVERSION = YES;
				CLANG_WARN_DEPRECATED_OBJC_IMPLEMENTATIONS = YES;
				CLANG_WARN_DIRECT_OBJC_ISA_USAGE = YES_ERROR;
				CLANG_WARN_DOCUMENTATION_COMMENTS = YES;
				CLANG_WARN_EMPTY_BODY = YES;
				CLANG_WARN_ENUM_CONVERSION = YES;
				CLANG_WARN_INFINITE_RECURSION = YES;
				CLANG_WARN_INT_CONVERSION = YES;
				CLANG_WARN_NON_LITERAL_NULL_CONVERSION = YES;
				CLANG_WARN_OBJC_IMPLICIT_RETAIN_SELF = YES;
				CLANG_WARN_OBJC_LITERAL_CONVERSION = YES;
				CLANG_WARN_OBJC_ROOT_CLASS = YES_ERROR;
				CLANG_WARN_QUOTED_INCLUDE_IN_FRAMEWORK_HEADER = YES;
				CLANG_WARN_RANGE_LOOP_ANALYSIS = YES;
				CLANG_WARN_STRICT_PROTOTYPES = YES;
				CLANG_WARN_SUSPICIOUS_MOVE = YES;
				CLANG_WARN_UNGUARDED_AVAILABILITY = YES_AGGRESSIVE;
				CLANG_WARN_UNREACHABLE_CODE = YES;
				CLANG_WARN__DUPLICATE_METHOD_MATCH = YES;
				CODE_SIGN_IDENTITY = "iPhone Developer";
				COPY_PHASE_STRIP = NO;
				COREML_CODEGEN_LANGUAGE = None;
				DEBUG_INFORMATION_FORMAT = "dwarf-with-dsym";
				ENABLE_NS_ASSERTIONS = NO;
				ENABLE_STRICT_OBJC_MSGSEND = YES;
				GCC_C_LANGUAGE_STANDARD = gnu11;
				GCC_NO_COMMON_BLOCKS = YES;
				GCC_WARN_64_TO_32_BIT_CONVERSION = YES;
				GCC_WARN_ABOUT_RETURN_TYPE = YES_ERROR;
				GCC_WARN_UNDECLARED_SELECTOR = YES;
				GCC_WARN_UNINITIALIZED_AUTOS = YES_AGGRESSIVE;
				GCC_WARN_UNUSED_FUNCTION = YES;
				GCC_WARN_UNUSED_VARIABLE = YES;
				IPHONEOS_DEPLOYMENT_TARGET = 12.0;
				MTL_ENABLE_DEBUG_INFO = NO;
				SDKROOT = iphoneos;
				SWIFT_OPTIMIZATION_LEVEL = "-Owholemodule";
				SWIFT_VERSION = 4.2;
				VALIDATE_PRODUCT = YES;
			};
			name = Release;
		};
		FAD500AE1ED668B60074D713 /* Debug */ = {
			isa = XCBuildConfiguration;
			buildSettings = {
				ASSETCATALOG_COMPILER_APPICON_NAME = AppIcon;
				CODE_SIGN_IDENTITY = "Apple Development";
				CODE_SIGN_STYLE = Automatic;
				DEVELOPMENT_TEAM = 6T6NLHXYQT;
				INFOPLIST_FILE = ImageClassifier/Info.plist;
				LD_RUNPATH_SEARCH_PATHS = "$(inherited) @executable_path/Frameworks";
				PRODUCT_BUNDLE_IDENTIFIER = com.mruchus.imageidentifier;
				PRODUCT_NAME = "$(TARGET_NAME)";
				PROVISIONING_PROFILE_SPECIFIER = "";
				SWIFT_VERSION = 5.0;
				TARGETED_DEVICE_FAMILY = "1,2";
			};
			name = Debug;
		};
		FAD500AF1ED668B60074D713 /* Release */ = {
			isa = XCBuildConfiguration;
			buildSettings = {
				ASSETCATALOG_COMPILER_APPICON_NAME = AppIcon;
				CODE_SIGN_IDENTITY = "Apple Development";
				CODE_SIGN_STYLE = Automatic;
				DEVELOPMENT_TEAM = 6T6NLHXYQT;
				INFOPLIST_FILE = ImageClassifier/Info.plist;
				LD_RUNPATH_SEARCH_PATHS = "$(inherited) @executable_path/Frameworks";
				PRODUCT_BUNDLE_IDENTIFIER = com.mruchus.imageidentifier;
				PRODUCT_NAME = "$(TARGET_NAME)";
				PROVISIONING_PROFILE_SPECIFIER = "";
				SWIFT_VERSION = 5.0;
				TARGETED_DEVICE_FAMILY = "1,2";
			};
			name = Release;
		};
/* End XCBuildConfiguration section */

/* Begin XCConfigurationList section */
		A336B66727F8EFA900046D77 /* Build configuration list for PBXNativeTarget "RangeLImageClassifier" */ = {
			isa = XCConfigurationList;
			buildConfigurations = (
				A336B66827F8EFA900046D77 /* Debug */,
				A336B66927F8EFA900046D77 /* Release */,
			);
			defaultConfigurationIsVisible = 0;
			defaultConfigurationName = Release;
		};
		FAD500961ED668B60074D713 /* Build configuration list for PBXProject "Image Classifier" */ = {
			isa = XCConfigurationList;
			buildConfigurations = (
				FAD500AB1ED668B60074D713 /* Debug */,
				FAD500AC1ED668B60074D713 /* Release */,
			);
			defaultConfigurationIsVisible = 0;
			defaultConfigurationName = Release;
		};
		FAD500AD1ED668B60074D713 /* Build configuration list for PBXNativeTarget "Image Classifier" */ = {
			isa = XCConfigurationList;
			buildConfigurations = (
				FAD500AE1ED668B60074D713 /* Debug */,
				FAD500AF1ED668B60074D713 /* Release */,
			);
			defaultConfigurationIsVisible = 0;
			defaultConfigurationName = Release;
		};
/* End XCConfigurationList section */
	};
	rootObject = FAD500931ED668B60074D713 /* Project object */;
}
